
Microsoft Visual Studio Solution File, Format Version 12.00
# Visual Studio Version 16
VisualStudioVersion = 16.0.29201.188
MinimumVisualStudioVersion = 10.0.40219.1
Project("{FAE04EC0-301F-11D3-BF4B-00C04F79EFBC}") = "COM3D2.ScriplayLilly.Plugin", "COM3D2.Scriplay.Plugin\COM3D2.ScriplayLilly.Plugin.csproj", "{C403D5B6-F680-4BAE-ADEF-CD800B5C1300}"
EndProject
Global
	GlobalSection(SolutionConfigurationPlatforms) = preSolution
		Debug|Any CPU = Debug|Any CPU
		Release|Any CPU = Release|Any CPU
	EndGlobalSection
	GlobalSection(ProjectConfigurationPlatforms) = postSolution
		{C403D5B6-F680-4BAE-ADEF-CD800B5C1300}.Debug|Any CPU.ActiveCfg = Debug|Any CPU
		{C403D5B6-F680-4BAE-ADEF-CD800B5C1300}.Debug|Any CPU.Build.0 = Debug|Any CPU
		{C403D5B6-F680-4BAE-ADEF-CD800B5C1300}.Release|Any CPU.ActiveCfg = Release|Any CPU
		{C403D5B6-F680-4BAE-ADEF-CD800B5C1300}.Release|Any CPU.Build.0 = Release|Any CPU
	EndGlobalSection
	GlobalSection(SolutionProperties) = preSolution
		HideSolutionNode = FALSE
	EndGlobalSection
	GlobalSection(ExtensibilityGlobals) = postSolution
		SolutionGuid = {E033905C-D4FF-4CBA-9321-A177B14BA144}
	EndGlobalSection
EndGlobal
